
Microsoft Visual Studio Solution File, Format Version 12.00
# Visual Studio Version 16
VisualStudioVersion = 16.0.29709.97
MinimumVisualStudioVersion = 10.0.40219.1
Project("{FAE04EC0-301F-11D3-BF4B-00C04F79EFBC}") = "Junior Dev Jobs", "Junior Dev Jobs\Junior Dev Jobs.csproj", "{1623A0AB-7A0C-4821-8F08-1CF27F0F3967}"
EndProject
Global
	GlobalSection(SolutionConfigurationPlatforms) = preSolution
		Debug|Any CPU = Debug|Any CPU
		Release|Any CPU = Release|Any CPU
	EndGlobalSection
	GlobalSection(ProjectConfigurationPlatforms) = postSolution
		{1623A0AB-7A0C-4821-8F08-1CF27F0F3967}.Debug|Any CPU.ActiveCfg = Debug|Any CPU
		{1623A0AB-7A0C-4821-8F08-1CF27F0F3967}.Debug|Any CPU.Build.0 = Debug|Any CPU
		{1623A0AB-7A0C-4821-8F08-1CF27F0F3967}.Release|Any CPU.ActiveCfg = Release|Any CPU
		{1623A0AB-7A0C-4821-8F08-1CF27F0F3967}.Release|Any CPU.Build.0 = Release|Any CPU
	EndGlobalSection
	GlobalSection(SolutionProperties) = preSolution
		HideSolutionNode = FALSE
	EndGlobalSection
	GlobalSection(ExtensibilityGlobals) = postSolution
		SolutionGuid = {949C97CE-6B16-49BA-A26F-40A26810FE5A}
	EndGlobalSection
EndGlobal
